version = 2

[[dependencies]]
name = "cx-api-actions"
url = "github.com/coralogix/cx-api-actions"
revision = "v0.4.4"
commit_hash = "4fff41ca052fb3f4539e5efa6ea98ff1b3d42be7"

[[dependencies]]
name = "cx-api-alert-scheduler"
url = "github.com/coralogix/alert-scheduler-rule-protobuf"
revision = "v0.0.3"
commit_hash = "11bae4e2cc0149c82f9271a33f2be44ddda34e61"

[[dependencies]]
name = "cx-api-alerts"
url = "github.com/coralogix/cx-api-alerts"
revision = "v0.5.37"
commit_hash = "98f41412bde4bc9179e562db1c9b7956d113ddab"

[[dependencies]]
name = "cx-api-apm"
url = "github.com/coralogix/cx-api-apm"
revision = "v2.0.10"
commit_hash = "d5ca27144eb59fe46e9a8c69616866f9a9e964ee"

[[dependencies]]
name = "cx-api-archive"
url = "github.com/coralogix/cx-api-archive"
revision = "v0.0.158"
commit_hash = "bb6561e786250414c84bc3b9d9e347e9f641b5ee"

[[dependencies]]
name = "cx-api-common"
url = "github.com/coralogix/cx-api-common"
branch = "master"
commit_hash = "5b3ac4ca2376cc60f987bf14918a63b92a7f0b2f"

[[dependencies]]
name = "cx-api-dashboards"
url = "github.com/coralogix/cx-api-dashboards"
revision = "v2.7.45"
commit_hash = "0a8062e7ac2c7026076ad7c834c77541fea8dd2f"

[[dependencies]]
name = "cx-api-data-usage"
url = "github.com/coralogix/cx-api-data-usage"
revision = "v0.3.27"
commit_hash = "102d617fd271f3812e5aff477fd621e1dac4554f"

[[dependencies]]
name = "cx-api-enrichment"
url = "github.com/coralogix/cx-api-enrichment"
revision = "v0.6.10"
commit_hash = "034cf6a4b8108e8cb5e83933b299c41108c3cc0b"

[[dependencies]]
name = "cx-api-events"
url = "github.com/coralogix/cx-api-events"
revision = "v0.1.8"
commit_hash = "efa7455ad754f056ea496db66efbf93669c426e9"

[[dependencies]]
name = "cx-api-extensions"
url = "github.com/coralogix/cx-api-extensions"
revision = "v1.0.16"
commit_hash = "bee5395ce659e8d060793fee3aa81cf0366a11a0"

[[dependencies]]
name = "cx-api-incidents"
url = "github.com/coralogix/cx-api-incidents"
revision = "v1.0.9"
commit_hash = "b960466df912ba67e7157e2f016af02eb6c9f669"

[[dependencies]]
name = "cx-api-lmd-model"
url = "github.com/coralogix/cx-api-lmd-model"
branch = "master"
commit_hash = "fa71ff99fdcdeaf13b525f65ad2b2afa9a70abcb"

[[dependencies]]
name = "cx-api-logs2metrics"
url = "github.com/coralogix/cx-api-logs2metrics"
revision = "v0.3.5"
commit_hash = "5921c0e9bea453e15a75845dcfffc29cd5a1950b"

[[dependencies]]
name = "cx-api-metrics-configurator"
url = "github.com/coralogix/cx-api-metrics-configurator"
revision = "v0.0.10"
commit_hash = "2460edb255f5273584fd627612462f64aa45fef2"

[[dependencies]]
name = "cx-api-metrics-rule-manager"
url = "github.com/coralogix/cx-api-metrics-rule-manager"
revision = "v0.0.6"
commit_hash = "8d44865d90ceb7a5b8b0ad23b3681a1bc45c4459"

[[dependencies]]
name = "cx-api-notification-center"
url = "github.com/coralogix/cx-api-notification-center"
revision = "v1.5.0"
commit_hash = "aceae1ebabe9f893462ea2c4ac4282ce37ca216e"

[[dependencies]]
name = "cx-api-organisations"
url = "github.com/coralogix/cx-api-organisations"
revision = "v0.1.36"
commit_hash = "fdf323b639fb777bf27be26a7a04f161f2e2f134"

[[dependencies]]
name = "cx-api-permissions"
url = "github.com/coralogix/cx-api-permissions"
revision = "v0.1.140"
commit_hash = "c18dc2f97366f00cf4cc32bedf081d4d6ec5892e"

[[dependencies]]
name = "cx-api-quota"
url = "github.com/coralogix/cx-api-quota"
revision = "v0.0.17"
commit_hash = "f3976a2bf8b4494948977717983f034f7bcd030d"

[[dependencies]]
name = "cx-api-scopes"
url = "github.com/coralogix/cx-api-scopes"
revision = "v0.0.5"
commit_hash = "df7dcc92af138b1abc032b32d7f6fa703e2b17db"

[[dependencies]]
name = "cx-api-slo"
url = "github.com/coralogix/cx-api-slo"
revision = "v0.0.36"
commit_hash = "730f97d08ecadd65746530299273370167b9a294"

[[dependencies]]
name = "cx-api-views"
url = "github.com/coralogix/cx-api-views"
revision = "v1.12"
commit_hash = "500a28e2a68808cb1249c7d85a59d2331c137c26"

[[dependencies]]
name = "global-mapping"
url = "github.com/coralogix/cx-api-global-mapping"
branch = "master"
commit_hash = "f97f36f7b9c82bb9fc36abd511717147261d8db4"

[[dependencies]]
name = "google-api"
url = "github.com/googleapis/googleapis"
revision = "54d659d0ae74f39e92755948b821a1495b3cb3c8"
commit_hash = "54d659d0ae74f39e92755948b821a1495b3cb3c8"

[[dependencies]]
name = "rules-api-protobuf"
url = "github.com/coralogix/rules-api-protobuf"
revision = "v0.20.0"
commit_hash = "f7df6675e8ff3414d3fab690adc431a40f75c58d"
