version = 2

[[dependencies]]
name = "alerts-api-protobuf"
url = "github.com/coralogix/cx-api-alerts"
revision = "v0.5.11"
commit_hash = "1e901865da7abd972e89c8ea868009439f695f4c"

[[dependencies]]
name = "cx-api-actions"
url = "github.com/coralogix/cx-api-actions"
revision = "v0.4.0"
commit_hash = "c53e6e6f9c195585efda4dbbfd5d14a22c1d9508"

[[dependencies]]
name = "cx-api-alert-scheduler"
url = "github.com/coralogix/alert-scheduler-rule-protobuf"
revision = "v0.0.1"
commit_hash = "85c62965137513ec113a421a7fb46648540cd4d6"

[[dependencies]]
name = "cx-api-apm"
url = "github.com/coralogix/cx-api-apm"
revision = "v2.0.6"
commit_hash = "1b0242ca59a72843f6b33aefe24e4765b097f034"

[[dependencies]]
name = "cx-api-archive"
url = "github.com/coralogix/cx-api-archive"
revision = "v0.0.95"
commit_hash = "27942daaa1ec9ed955008bc302ee7143509fc4d0"

[[dependencies]]
name = "cx-api-common"
url = "github.com/coralogix/cx-api-common"
revision = "v1.0.9"
commit_hash = "b1925afa0446c94df1f3dedcf6d36e41ab709af5"

[[dependencies]]
name = "cx-api-dashboards"
url = "github.com/coralogix/cx-api-dashboards"
revision = "v2.3.5"
commit_hash = "11cd0b80d1cbb3a9c8bf6b1827fcb18cd09052cf"

[[dependencies]]
name = "cx-api-data-usage"
url = "github.com/coralogix/cx-api-data-usage"
revision = "v0.1.20"
commit_hash = "fcb82469e94392acdabdd9b3b1136fc6cf6eb22b"

[[dependencies]]
name = "cx-api-enrichment"
url = "github.com/coralogix/cx-api-enrichment"
revision = "v0.5.7"
commit_hash = "f282cb594106366b53107ca26bbc6213f3afdd17"

[[dependencies]]
name = "cx-api-extensions"
url = "github.com/coralogix/cx-api-extensions"
revision = "v1.0.6"
commit_hash = "f41aff308fd2998bd4eab6c02644b42817c5f9af"

[[dependencies]]
name = "cx-api-logs2metrics"
url = "github.com/coralogix/cx-api-logs2metrics"
revision = "v0.3.2"
commit_hash = "f34cf69641576e0745124f3e8fd20f15b1db168f"

[[dependencies]]
name = "cx-api-metrics-configurator"
url = "github.com/coralogix/cx-api-metrics-configurator"
revision = "v0.0.2"
commit_hash = "7f7c1d01938bdedd8c6923edee51a3aed4777ad6"

[[dependencies]]
name = "cx-api-metrics-rule-manager"
url = "github.com/coralogix/cx-api-clientsets"
revision = "v0.0.7"
commit_hash = "9a744b4a877903f3d16fa5ea65bcfe1a291394df"

[[dependencies]]
name = "cx-api-notification-center"
url = "github.com/coralogix/cx-api-notification-center"
revision = "v0.5.0"
commit_hash = "c6aee34363e3819cd24c3b2e7672b9b1c7c3c401"

[[dependencies]]
name = "cx-api-organisations"
url = "github.com/coralogix/cx-api-organisations"
revision = "v0.1.32"
commit_hash = "54f3039f90c8a0eb57a33908c03f211ff9b11520"

[[dependencies]]
name = "cx-api-permissions"
url = "github.com/coralogix/cx-api-permissions"
revision = "v0.1.95"
commit_hash = "4a85d809da3f991d47ee856369e56ce0a22d91ef"

[[dependencies]]
name = "cx-api-quota"
url = "github.com/coralogix/cx-api-quota"
revision = "v0.0.8"
commit_hash = "a503745d7392e1d811120fcc071f1687701d5e44"

[[dependencies]]
name = "cx-api-schema-store"
url = "github.com/coralogix/cx-api-schema-store"
revision = "v0.0.1"
commit_hash = "31c928ce64eedadc7a9387d87bb6e9fa8e73cfca"

[[dependencies]]
name = "cx-api-scopes-service"
url = "github.com/coralogix/cx-api-scopes"
revision = "v0.0.1"
commit_hash = "e1375b8f745ee1f85a328a93ed4f4af2e71fd053"

[[dependencies]]
name = "cx-api-service-catalog"
url = "github.com/coralogix/cx-api-service-catalog"
revision = "v0.3.135"
commit_hash = "21270010b7cee38b20ac49aff3c7a2eff7fe0a01"

[[dependencies]]
name = "cx-api-tags"
url = "github.com/coralogix/cx-api-tags"
revision = "v0.0.6"
commit_hash = "1d356955844434c9a50d9d95baeadf1d5997d395"

[[dependencies]]
name = "cx-api-views"
url = "github.com/coralogix/cx-api-views"
revision = "v1.3"
commit_hash = "a60a1e3f54c852881b721ad28495f53dea481689"

[[dependencies]]
name = "global-mapping"
url = "github.com/coralogix/cx-api-global-mapping"
revision = "v1.26.2"
commit_hash = "e9ba4cca81ce61c8ce4d70709a42e342349a3ba4"

[[dependencies]]
name = "google-api"
url = "github.com/googleapis/googleapis"
revision = "54d659d0ae74f39e92755948b821a1495b3cb3c8"
commit_hash = "54d659d0ae74f39e92755948b821a1495b3cb3c8"

[[dependencies]]
name = "rules-api-protobuf"
url = "github.com/coralogix/rules-api-protobuf"
revision = "v0.17.1"
commit_hash = "abfa4bf6a2c16b7dfa9b185fde5774ee40fbfa36"
