version = 2

[[dependencies]]
name = "cx-api-actions"
url = "github.com/coralogix/cx-api-actions"
revision = "v0.4.4"
commit_hash = "4fff41ca052fb3f4539e5efa6ea98ff1b3d42be7"

[[dependencies]]
name = "cx-api-alert-scheduler"
url = "github.com/coralogix/alert-scheduler-rule-protobuf"
revision = "v0.0.3"
commit_hash = "11bae4e2cc0149c82f9271a33f2be44ddda34e61"

[[dependencies]]
name = "cx-api-alerts"
url = "github.com/coralogix/cx-api-alerts"
revision = "v0.5.35"
commit_hash = "a1000d9d8b62680977271bd61b4606826b6b11b2"

[[dependencies]]
name = "cx-api-apm"
url = "github.com/coralogix/cx-api-apm"
revision = "v2.0.10"
commit_hash = "d5ca27144eb59fe46e9a8c69616866f9a9e964ee"

[[dependencies]]
name = "cx-api-archive"
url = "github.com/coralogix/cx-api-archive"
revision = "v0.0.151"
commit_hash = "5b7f46ca1d6b102623c3ffddf2687445333537d7"

[[dependencies]]
name = "cx-api-common"
url = "github.com/coralogix/cx-api-common"
branch = "master"
commit_hash = "5b3ac4ca2376cc60f987bf14918a63b92a7f0b2f"

[[dependencies]]
name = "cx-api-dashboards"
url = "github.com/coralogix/cx-api-dashboards"
revision = "v2.7.41"
commit_hash = "aa482e7185af53fe2e4e7ee0b338b834bd44e9cc"

[[dependencies]]
name = "cx-api-data-usage"
url = "github.com/coralogix/cx-api-data-usage"
revision = "v0.3.26"
commit_hash = "883e9ff02a7277474f4ad0145b3eb55818a1b7fc"

[[dependencies]]
name = "cx-api-enrichment"
url = "github.com/coralogix/cx-api-enrichment"
revision = "v0.6.10"
commit_hash = "034cf6a4b8108e8cb5e83933b299c41108c3cc0b"

[[dependencies]]
name = "cx-api-events"
url = "github.com/coralogix/cx-api-events"
revision = "v0.1.6"
commit_hash = "a4300cbd86d05f2dddec00fc88c38f230eaf295a"

[[dependencies]]
name = "cx-api-extensions"
url = "github.com/coralogix/cx-api-extensions"
revision = "v1.0.14"
commit_hash = "f1fdb55dd15800d9da3b26faaa0e4b21ba0d008c"

[[dependencies]]
name = "cx-api-incidents"
url = "github.com/coralogix/cx-api-incidents"
revision = "v1.0.9"
commit_hash = "b960466df912ba67e7157e2f016af02eb6c9f669"

[[dependencies]]
name = "cx-api-lmd-model"
url = "github.com/coralogix/cx-api-lmd-model"
protocol = "ssh"
revision = "v0.0.8"
commit_hash = "c3519ef689aca1a640f985e7b339394028c261f4"

[[dependencies]]
name = "cx-api-logs2metrics"
url = "github.com/coralogix/cx-api-logs2metrics"
revision = "v0.3.5"
commit_hash = "5921c0e9bea453e15a75845dcfffc29cd5a1950b"

[[dependencies]]
name = "cx-api-metrics-configurator"
url = "github.com/coralogix/cx-api-metrics-configurator"
revision = "v0.0.8"
commit_hash = "e403cfc9c89159e6a9a22d5c9120e0c4855f6deb"

[[dependencies]]
name = "cx-api-metrics-rule-manager"
url = "github.com/coralogix/cx-api-metrics-rule-manager"
revision = "v0.0.5"
commit_hash = "32818c30c78d84256100709e325627a177578dfb"

[[dependencies]]
name = "cx-api-notification-center"
url = "github.com/coralogix/cx-api-notification-center"
revision = "v1.4.0"
commit_hash = "01ce6cc89d3de0468d52c987df6e09d240690f89"

[[dependencies]]
name = "cx-api-organisations"
url = "github.com/coralogix/cx-api-organisations"
revision = "v0.1.36"
commit_hash = "fdf323b639fb777bf27be26a7a04f161f2e2f134"

[[dependencies]]
name = "cx-api-permissions"
url = "github.com/coralogix/cx-api-permissions"
revision = "v0.1.137"
commit_hash = "0c2507b1ce24ccbfc810238fb275c7c394ff109c"

[[dependencies]]
name = "cx-api-quota"
url = "github.com/coralogix/cx-api-quota"
revision = "v0.0.13"
commit_hash = "1509a861104765f3f806ac8c29fa8dc6219ebb45"

[[dependencies]]
name = "cx-api-scopes"
url = "github.com/coralogix/cx-api-scopes"
revision = "v0.0.5"
commit_hash = "df7dcc92af138b1abc032b32d7f6fa703e2b17db"

[[dependencies]]
name = "cx-api-slo"
url = "github.com/coralogix/cx-api-slo"
revision = "v0.0.36"
commit_hash = "730f97d08ecadd65746530299273370167b9a294"

[[dependencies]]
name = "cx-api-views"
url = "github.com/coralogix/cx-api-views"
revision = "v1.12"
commit_hash = "500a28e2a68808cb1249c7d85a59d2331c137c26"

[[dependencies]]
name = "global-mapping"
url = "github.com/coralogix/cx-api-global-mapping"
branch = "master"
commit_hash = "f97f36f7b9c82bb9fc36abd511717147261d8db4"

[[dependencies]]
name = "google-api"
url = "github.com/googleapis/googleapis"
revision = "54d659d0ae74f39e92755948b821a1495b3cb3c8"
commit_hash = "54d659d0ae74f39e92755948b821a1495b3cb3c8"

[[dependencies]]
name = "rules-api-protobuf"
url = "github.com/coralogix/rules-api-protobuf"
revision = "v0.19.0"
commit_hash = "dfe079f8fe7ad4e3076cb5efc02829717876f964"
